
Microsoft Visual Studio Solution File, Format Version 12.00
# Visual Studio Version 17
VisualStudioVersion = 17.2.32630.192
MinimumVisualStudioVersion = 10.0.40219.1
Project("{9A19103F-16F7-4668-BE54-9A1E7A4F7556}") = "BethanysPieShopHRM", "BethanysPieShopHRM\BethanysPieShopHRM.csproj", "{78723064-5D73-45CE-B9B6-44A579311726}"
EndProject
Project("{FAE04EC0-301F-11D3-BF4B-00C04F79EFBC}") = "BethanysPieShopHRM.Tests", "BethanysPieShopHRM.Tests\BethanysPieShopHRM.Tests.csproj", "{4543F39A-A822-4C62-8B34-71AF3FA538B5}"
EndProject
Global
	GlobalSection(SolutionConfigurationPlatforms) = preSolution
		Debug|Any CPU = Debug|Any CPU
		Release|Any CPU = Release|Any CPU
	EndGlobalSection
	GlobalSection(ProjectConfigurationPlatforms) = postSolution
		{78723064-5D73-45CE-B9B6-44A579311726}.Debug|Any CPU.ActiveCfg = Debug|Any CPU
		{78723064-5D73-45CE-B9B6-44A579311726}.Debug|Any CPU.Build.0 = Debug|Any CPU
		{78723064-5D73-45CE-B9B6-44A579311726}.Release|Any CPU.ActiveCfg = Release|Any CPU
		{78723064-5D73-45CE-B9B6-44A579311726}.Release|Any CPU.Build.0 = Release|Any CPU
		{4543F39A-A822-4C62-8B34-71AF3FA538B5}.Debug|Any CPU.ActiveCfg = Debug|Any CPU
		{4543F39A-A822-4C62-8B34-71AF3FA538B5}.Debug|Any CPU.Build.0 = Debug|Any CPU
		{4543F39A-A822-4C62-8B34-71AF3FA538B5}.Release|Any CPU.ActiveCfg = Release|Any CPU
		{4543F39A-A822-4C62-8B34-71AF3FA538B5}.Release|Any CPU.Build.0 = Release|Any CPU
	EndGlobalSection
	GlobalSection(SolutionProperties) = preSolution
		HideSolutionNode = FALSE
	EndGlobalSection
	GlobalSection(ExtensibilityGlobals) = postSolution
		SolutionGuid = {96E1A391-9FE1-41E1-881C-C3798DB80658}
	EndGlobalSection
EndGlobal
